
Microsoft Visual Studio Solution File, Format Version 12.00
# Visual Studio 15
VisualStudioVersion = 15.0.28307.572
MinimumVisualStudioVersion = 10.0.40219.1
Project("{FAE04EC0-301F-11D3-BF4B-00C04F79EFBC}") = "MyA1Web.Tests", "MyA1Web.Tests\MyA1Web.Tests.csproj", "{4284796E-DFB4-4587-A946-F3B917DB8929}"
EndProject
Project("{FAE04EC0-301F-11D3-BF4B-00C04F79EFBC}") = "MyA1Web.Common", "MyA1Web.Common\MyA1Web.Common.csproj", "{AAB5058F-D962-46A6-AF45-1C70436087D6}"
EndProject
Global
	GlobalSection(SolutionConfigurationPlatforms) = preSolution
		Debug|Any CPU = Debug|Any CPU
		Release|Any CPU = Release|Any CPU
	EndGlobalSection
	GlobalSection(ProjectConfigurationPlatforms) = postSolution
		{4284796E-DFB4-4587-A946-F3B917DB8929}.Debug|Any CPU.ActiveCfg = Debug|Any CPU
		{4284796E-DFB4-4587-A946-F3B917DB8929}.Debug|Any CPU.Build.0 = Debug|Any CPU
		{4284796E-DFB4-4587-A946-F3B917DB8929}.Release|Any CPU.ActiveCfg = Release|Any CPU
		{4284796E-DFB4-4587-A946-F3B917DB8929}.Release|Any CPU.Build.0 = Release|Any CPU
		{AAB5058F-D962-46A6-AF45-1C70436087D6}.Debug|Any CPU.ActiveCfg = Debug|Any CPU
		{AAB5058F-D962-46A6-AF45-1C70436087D6}.Debug|Any CPU.Build.0 = Debug|Any CPU
		{AAB5058F-D962-46A6-AF45-1C70436087D6}.Release|Any CPU.ActiveCfg = Release|Any CPU
		{AAB5058F-D962-46A6-AF45-1C70436087D6}.Release|Any CPU.Build.0 = Release|Any CPU
	EndGlobalSection
	GlobalSection(SolutionProperties) = preSolution
		HideSolutionNode = FALSE
	EndGlobalSection
	GlobalSection(ExtensibilityGlobals) = postSolution
		SolutionGuid = {E85FD57F-7869-47E7-992E-5E2DA30638A6}
	EndGlobalSection
EndGlobal
